
Microsoft Visual Studio Solution File, Format Version 12.00
# Visual Studio Version 17
VisualStudioVersion = 17.5.33530.505
MinimumVisualStudioVersion = 10.0.40219.1
Project("{FAE04EC0-301F-11D3-BF4B-00C04F79EFBC}") = "RouletteJsonSender", "RouletteJsonSender\RouletteJsonSender.csproj", "{6BFA52A0-9EB4-4E76-9D27-42D5564CED7E}"
EndProject
Global
	GlobalSection(SolutionConfigurationPlatforms) = preSolution
		Debug|Any CPU = Debug|Any CPU
		Release|Any CPU = Release|Any CPU
	EndGlobalSection
	GlobalSection(ProjectConfigurationPlatforms) = postSolution
		{6BFA52A0-9EB4-4E76-9D27-42D5564CED7E}.Debug|Any CPU.ActiveCfg = Debug|Any CPU
		{6BFA52A0-9EB4-4E76-9D27-42D5564CED7E}.Debug|Any CPU.Build.0 = Debug|Any CPU
		{6BFA52A0-9EB4-4E76-9D27-42D5564CED7E}.Release|Any CPU.ActiveCfg = Release|Any CPU
		{6BFA52A0-9EB4-4E76-9D27-42D5564CED7E}.Release|Any CPU.Build.0 = Release|Any CPU
	EndGlobalSection
	GlobalSection(SolutionProperties) = preSolution
		HideSolutionNode = FALSE
	EndGlobalSection
	GlobalSection(ExtensibilityGlobals) = postSolution
		SolutionGuid = {C789723E-8501-4E22-8B7C-6CEF67EBF053}
	EndGlobalSection
EndGlobal
